// !$*UTF8*$!
{
	archiveVersion = 1;
	classes = {
	};
	objectVersion = 46;
	objects = {

/* Begin PBXBuildFile section */
		48CCF1461AADE4A500D833A8 /* AppDelegate.swift in Sources */ = {isa = PBXBuildFile; fileRef = 48CCF1451AADE4A500D833A8 /* AppDelegate.swift */; };
		48CCF14B1AADE4A500D833A8 /* Main.storyboard in Resources */ = {isa = PBXBuildFile; fileRef = 48CCF1491AADE4A500D833A8 /* Main.storyboard */; };
		48CCF14D1AADE4A500D833A8 /* Images.xcassets in Resources */ = {isa = PBXBuildFile; fileRef = 48CCF14C1AADE4A500D833A8 /* Images.xcassets */; };
		48CCF1501AADE4A500D833A8 /* LaunchScreen.xib in Resources */ = {isa = PBXBuildFile; fileRef = 48CCF14E1AADE4A500D833A8 /* LaunchScreen.xib */; };
		48CCF15C1AADE4A500D833A8 /* LunchTests.swift in Sources */ = {isa = PBXBuildFile; fileRef = 48CCF15B1AADE4A500D833A8 /* LunchTests.swift */; };
		48CCF1681AADEF9600D833A8 /* LunchTableViewController.swift in Sources */ = {isa = PBXBuildFile; fileRef = 48CCF1671AADEF9600D833A8 /* LunchTableViewController.swift */; };
		48CCF16B1AADF2A000D833A8 /* LunchItem.swift in Sources */ = {isa = PBXBuildFile; fileRef = 48CCF16A1AADF2A000D833A8 /* LunchItem.swift */; };
		48CCF16F1AAF062F00D833A8 /* LunchAppItemViewController.swift in Sources */ = {isa = PBXBuildFile; fileRef = 48CCF16E1AAF062F00D833A8 /* LunchAppItemViewController.swift */; };
		48CCF1711AB061C900D833A8 /* Launch Screen.xib in Resources */ = {isa = PBXBuildFile; fileRef = 48CCF1701AB061C900D833A8 /* Launch Screen.xib */; };
/* End PBXBuildFile section */

/* Begin PBXContainerItemProxy section */
		48CCF1561AADE4A500D833A8 /* PBXContainerItemProxy */ = {
			isa = PBXContainerItemProxy;
			containerPortal = 48CCF1381AADE4A500D833A8 /* Project object */;
			proxyType = 1;
			remoteGlobalIDString = 48CCF13F1AADE4A500D833A8;
			remoteInfo = Lunch;
		};
/* End PBXContainerItemProxy section */

/* Begin PBXFileReference section */
		48CCF1401AADE4A500D833A8 /* Lunch.app */ = {isa = PBXFileReference; explicitFileType = wrapper.application; includeInIndex = 0; path = Lunch.app; sourceTree = BUILT_PRODUCTS_DIR; };
		48CCF1441AADE4A500D833A8 /* Info.plist */ = {isa = PBXFileReference; lastKnownFileType = text.plist.xml; path = Info.plist; sourceTree = "<group>"; };
		48CCF1451AADE4A500D833A8 /* AppDelegate.swift */ = {isa = PBXFileReference; lastKnownFileType = sourcecode.swift; path = AppDelegate.swift; sourceTree = "<group>"; };
		48CCF14A1AADE4A500D833A8 /* Base */ = {isa = PBXFileReference; lastKnownFileType = file.storyboard; name = Base; path = Base.lproj/Main.storyboard; sourceTree = "<group>"; };
		48CCF14C1AADE4A500D833A8 /* Images.xcassets */ = {isa = PBXFileReference; lastKnownFileType = folder.assetcatalog; path = Images.xcassets; sourceTree = "<group>"; };
		48CCF14F1AADE4A500D833A8 /* Base */ = {isa = PBXFileReference; lastKnownFileType = file.xib; name = Base; path = Base.lproj/LaunchScreen.xib; sourceTree = "<group>"; };
		48CCF1551AADE4A500D833A8 /* LunchTests.xctest */ = {isa = PBXFileReference; explicitFileType = wrapper.cfbundle; includeInIndex = 0; path = LunchTests.xctest; sourceTree = BUILT_PRODUCTS_DIR; };
		48CCF15A1AADE4A500D833A8 /* Info.plist */ = {isa = PBXFileReference; lastKnownFileType = text.plist.xml; path = Info.plist; sourceTree = "<group>"; };
		48CCF15B1AADE4A500D833A8 /* LunchTests.swift */ = {isa = PBXFileReference; lastKnownFileType = sourcecode.swift; path = LunchTests.swift; sourceTree = "<group>"; };
		48CCF1671AADEF9600D833A8 /* LunchTableViewController.swift */ = {isa = PBXFileReference; fileEncoding = 4; lastKnownFileType = sourcecode.swift; path = LunchTableViewController.swift; sourceTree = "<group>"; };
		48CCF16A1AADF2A000D833A8 /* LunchItem.swift */ = {isa = PBXFileReference; fileEncoding = 4; lastKnownFileType = sourcecode.swift; path = LunchItem.swift; sourceTree = "<group>"; };
		48CCF16E1AAF062F00D833A8 /* LunchAppItemViewController.swift */ = {isa = PBXFileReference; fileEncoding = 4; lastKnownFileType = sourcecode.swift; path = LunchAppItemViewController.swift; sourceTree = "<group>"; };
		48CCF1701AB061C900D833A8 /* Launch Screen.xib */ = {isa = PBXFileReference; fileEncoding = 4; lastKnownFileType = file.xib; path = "Launch Screen.xib"; sourceTree = "<group>"; };
/* End PBXFileReference section */

/* Begin PBXFrameworksBuildPhase section */
		48CCF13D1AADE4A500D833A8 /* Frameworks */ = {
			isa = PBXFrameworksBuildPhase;
			buildActionMask = 2147483647;
			files = (
			);
			runOnlyForDeploymentPostprocessing = 0;
		};
		48CCF1521AADE4A500D833A8 /* Frameworks */ = {
			isa = PBXFrameworksBuildPhase;
			buildActionMask = 2147483647;
			files = (
			);
			runOnlyForDeploymentPostprocessing = 0;
		};
/* End PBXFrameworksBuildPhase section */

/* Begin PBXGroup section */
		48CCF1371AADE4A500D833A8 = {
			isa = PBXGroup;
			children = (
				48CCF1421AADE4A500D833A8 /* Lunch */,
				48CCF1581AADE4A500D833A8 /* LunchTests */,
				48CCF1411AADE4A500D833A8 /* Products */,
			);
			sourceTree = "<group>";
		};
		48CCF1411AADE4A500D833A8 /* Products */ = {
			isa = PBXGroup;
			children = (
				48CCF1401AADE4A500D833A8 /* Lunch.app */,
				48CCF1551AADE4A500D833A8 /* LunchTests.xctest */,
			);
			name = Products;
			sourceTree = "<group>";
		};
		48CCF1421AADE4A500D833A8 /* Lunch */ = {
			isa = PBXGroup;
			children = (
				48CCF1691AADF25600D833A8 /* Model */,
				48CCF1661AADED1900D833A8 /* View */,
				48CCF1651AADECDB00D833A8 /* Controllers */,
				48CCF1451AADE4A500D833A8 /* AppDelegate.swift */,
				48CCF1491AADE4A500D833A8 /* Main.storyboard */,
				48CCF14C1AADE4A500D833A8 /* Images.xcassets */,
				48CCF14E1AADE4A500D833A8 /* LaunchScreen.xib */,
				48CCF1431AADE4A500D833A8 /* Supporting Files */,
			);
			path = Lunch;
			sourceTree = "<group>";
		};
		48CCF1431AADE4A500D833A8 /* Supporting Files */ = {
			isa = PBXGroup;
			children = (
				48CCF1441AADE4A500D833A8 /* Info.plist */,
			);
			name = "Supporting Files";
			sourceTree = "<group>";
		};
		48CCF1581AADE4A500D833A8 /* LunchTests */ = {
			isa = PBXGroup;
			children = (
				48CCF15B1AADE4A500D833A8 /* LunchTests.swift */,
				48CCF1591AADE4A500D833A8 /* Supporting Files */,
			);
			path = LunchTests;
			sourceTree = "<group>";
		};
		48CCF1591AADE4A500D833A8 /* Supporting Files */ = {
			isa = PBXGroup;
			children = (
				48CCF15A1AADE4A500D833A8 /* Info.plist */,
			);
			name = "Supporting Files";
			sourceTree = "<group>";
		};
		48CCF1651AADECDB00D833A8 /* Controllers */ = {
			isa = PBXGroup;
			children = (
				48CCF1671AADEF9600D833A8 /* LunchTableViewController.swift */,
				48CCF16E1AAF062F00D833A8 /* LunchAppItemViewController.swift */,
			);
			name = Controllers;
			sourceTree = "<group>";
		};
		48CCF1661AADED1900D833A8 /* View */ = {
			isa = PBXGroup;
			children = (
				48CCF1701AB061C900D833A8 /* Launch Screen.xib */,
			);
			name = View;
			sourceTree = "<group>";
		};
		48CCF1691AADF25600D833A8 /* Model */ = {
			isa = PBXGroup;
			children = (
				48CCF16A1AADF2A000D833A8 /* LunchItem.swift */,
			);
			name = Model;
			sourceTree = "<group>";
		};
/* End PBXGroup section */

/* Begin PBXNativeTarget section */
		48CCF13F1AADE4A500D833A8 /* Lunch */ = {
			isa = PBXNativeTarget;
			buildConfigurationList = 48CCF15F1AADE4A500D833A8 /* Build configuration list for PBXNativeTarget "Lunch" */;
			buildPhases = (
				48CCF13C1AADE4A500D833A8 /* Sources */,
				48CCF13D1AADE4A500D833A8 /* Frameworks */,
				48CCF13E1AADE4A500D833A8 /* Resources */,
			);
			buildRules = (
			);
			dependencies = (
			);
			name = Lunch;
			productName = Lunch;
			productReference = 48CCF1401AADE4A500D833A8 /* Lunch.app */;
			productType = "com.apple.product-type.application";
		};
		48CCF1541AADE4A500D833A8 /* LunchTests */ = {
			isa = PBXNativeTarget;
			buildConfigurationList = 48CCF1621AADE4A500D833A8 /* Build configuration list for PBXNativeTarget "LunchTests" */;
			buildPhases = (
				48CCF1511AADE4A500D833A8 /* Sources */,
				48CCF1521AADE4A500D833A8 /* Frameworks */,
				48CCF1531AADE4A500D833A8 /* Resources */,
			);
			buildRules = (
			);
			dependencies = (
				48CCF1571AADE4A500D833A8 /* PBXTargetDependency */,
			);
			name = LunchTests;
			productName = LunchTests;
			productReference = 48CCF1551AADE4A500D833A8 /* LunchTests.xctest */;
			productType = "com.apple.product-type.bundle.unit-test";
		};
/* End PBXNativeTarget section */

/* Begin PBXProject section */
		48CCF1381AADE4A500D833A8 /* Project object */ = {
			isa = PBXProject;
			attributes = {
				LastUpgradeCheck = 0610;
				ORGANIZATIONNAME = "Site Equip";
				TargetAttributes = {
					48CCF13F1AADE4A500D833A8 = {
						CreatedOnToolsVersion = 6.1.1;
						DevelopmentTeam = Y5H9TXY2Z7;
					};
					48CCF1541AADE4A500D833A8 = {
						CreatedOnToolsVersion = 6.1.1;
						TestTargetID = 48CCF13F1AADE4A500D833A8;
					};
				};
			};
			buildConfigurationList = 48CCF13B1AADE4A500D833A8 /* Build configuration list for PBXProject "Lunch" */;
			compatibilityVersion = "Xcode 3.2";
			developmentRegion = English;
			hasScannedForEncodings = 0;
			knownRegions = (
				en,
				Base,
			);
			mainGroup = 48CCF1371AADE4A500D833A8;
			productRefGroup = 48CCF1411AADE4A500D833A8 /* Products */;
			projectDirPath = "";
			projectRoot = "";
			targets = (
				48CCF13F1AADE4A500D833A8 /* Lunch */,
				48CCF1541AADE4A500D833A8 /* LunchTests */,
			);
		};
/* End PBXProject section */

/* Begin PBXResourcesBuildPhase section */
		48CCF13E1AADE4A500D833A8 /* Resources */ = {
			isa = PBXResourcesBuildPhase;
			buildActionMask = 2147483647;
			files = (
				48CCF14B1AADE4A500D833A8 /* Main.storyboard in Resources */,
				48CCF1711AB061C900D833A8 /* Launch Screen.xib in Resources */,
				48CCF1501AADE4A500D833A8 /* LaunchScreen.xib in Resources */,
				48CCF14D1AADE4A500D833A8 /* Images.xcassets in Resources */,
			);
			runOnlyForDeploymentPostprocessing = 0;
		};
		48CCF1531AADE4A500D833A8 /* Resources */ = {
			isa = PBXResourcesBuildPhase;
			buildActionMask = 2147483647;
			files = (
			);
			runOnlyForDeploymentPostprocessing = 0;
		};
/* End PBXResourcesBuildPhase section */

/* Begin PBXSourcesBuildPhase section */
		48CCF13C1AADE4A500D833A8 /* Sources */ = {
			isa = PBXSourcesBuildPhase;
			buildActionMask = 2147483647;
			files = (
				48CCF1681AADEF9600D833A8 /* LunchTableViewController.swift in Sources */,
				48CCF16B1AADF2A000D833A8 /* LunchItem.swift in Sources */,
				48CCF16F1AAF062F00D833A8 /* LunchAppItemViewController.swift in Sources */,
				48CCF1461AADE4A500D833A8 /* AppDelegate.swift in Sources */,
			);
			runOnlyForDeploymentPostprocessing = 0;
		};
		48CCF1511AADE4A500D833A8 /* Sources */ = {
			isa = PBXSourcesBuildPhase;
			buildActionMask = 2147483647;
			files = (
				48CCF15C1AADE4A500D833A8 /* LunchTests.swift in Sources */,
			);
			runOnlyForDeploymentPostprocessing = 0;
		};
/* End PBXSourcesBuildPhase section */

/* Begin PBXTargetDependency section */
		48CCF1571AADE4A500D833A8 /* PBXTargetDependency */ = {
			isa = PBXTargetDependency;
			target = 48CCF13F1AADE4A500D833A8 /* Lunch */;
			targetProxy = 48CCF1561AADE4A500D833A8 /* PBXContainerItemProxy */;
		};
/* End PBXTargetDependency section */

/* Begin PBXVariantGroup section */
		48CCF1491AADE4A500D833A8 /* Main.storyboard */ = {
			isa = PBXVariantGroup;
			children = (
				48CCF14A1AADE4A500D833A8 /* Base */,
			);
			name = Main.storyboard;
			sourceTree = "<group>";
		};
		48CCF14E1AADE4A500D833A8 /* LaunchScreen.xib */ = {
			isa = PBXVariantGroup;
			children = (
				48CCF14F1AADE4A500D833A8 /* Base */,
			);
			name = LaunchScreen.xib;
			sourceTree = "<group>";
		};
/* End PBXVariantGroup section */

/* Begin XCBuildConfiguration section */
		48CCF15D1AADE4A500D833A8 /* Debug */ = {
			isa = XCBuildConfiguration;
			buildSettings = {
				ALWAYS_SEARCH_USER_PATHS = NO;
				CLANG_CXX_LANGUAGE_STANDARD = "gnu++0x";
				CLANG_CXX_LIBRARY = "libc++";
				CLANG_ENABLE_MODULES = YES;
				CLANG_ENABLE_OBJC_ARC = YES;
				CLANG_WARN_BOOL_CONVERSION = YES;
				CLANG_WARN_CONSTANT_CONVERSION = YES;
				CLANG_WARN_DIRECT_OBJC_ISA_USAGE = YES_ERROR;
				CLANG_WARN_EMPTY_BODY = YES;
				CLANG_WARN_ENUM_CONVERSION = YES;
				CLANG_WARN_INT_CONVERSION = YES;
				CLANG_WARN_OBJC_ROOT_CLASS = YES_ERROR;
				CLANG_WARN_UNREACHABLE_CODE = YES;
				CLANG_WARN__DUPLICATE_METHOD_MATCH = YES;
				"CODE_SIGN_IDENTITY[sdk=iphoneos*]" = "iPhone Developer";
				COPY_PHASE_STRIP = NO;
				ENABLE_STRICT_OBJC_MSGSEND = YES;
				GCC_C_LANGUAGE_STANDARD = gnu99;
				GCC_DYNAMIC_NO_PIC = NO;
				GCC_OPTIMIZATION_LEVEL = 0;
				GCC_PREPROCESSOR_DEFINITIONS = (
					"DEBUG=1",
					"$(inherited)",
				);
				GCC_SYMBOLS_PRIVATE_EXTERN = NO;
				GCC_WARN_64_TO_32_BIT_CONVERSION = YES;
				GCC_WARN_ABOUT_RETURN_TYPE = YES_ERROR;
				GCC_WARN_UNDECLARED_SELECTOR = YES;
				GCC_WARN_UNINITIALIZED_AUTOS = YES_AGGRESSIVE;
				GCC_WARN_UNUSED_FUNCTION = YES;
				GCC_WARN_UNUSED_VARIABLE = YES;
				IPHONEOS_DEPLOYMENT_TARGET = 8.1;
				MTL_ENABLE_DEBUG_INFO = YES;
				ONLY_ACTIVE_ARCH = YES;
				SDKROOT = iphoneos;
				SWIFT_OPTIMIZATION_LEVEL = "-Onone";
			};
			name = Debug;
		};
		48CCF15E1AADE4A500D833A8 /* Release */ = {
			isa = XCBuildConfiguration;
			buildSettings = {
				ALWAYS_SEARCH_USER_PATHS = NO;
				CLANG_CXX_LANGUAGE_STANDARD = "gnu++0x";
				CLANG_CXX_LIBRARY = "libc++";
				CLANG_ENABLE_MODULES = YES;
				CLANG_ENABLE_OBJC_ARC = YES;
				CLANG_WARN_BOOL_CONVERSION = YES;
				CLANG_WARN_CONSTANT_CONVERSION = YES;
				CLANG_WARN_DIRECT_OBJC_ISA_USAGE = YES_ERROR;
				CLANG_WARN_EMPTY_BODY = YES;
				CLANG_WARN_ENUM_CONVERSION = YES;
				CLANG_WARN_INT_CONVERSION = YES;
				CLANG_WARN_OBJC_ROOT_CLASS = YES_ERROR;
				CLANG_WARN_UNREACHABLE_CODE = YES;
				CLANG_WARN__DUPLICATE_METHOD_MATCH = YES;
				"CODE_SIGN_IDENTITY[sdk=iphoneos*]" = "iPhone Developer";
				COPY_PHASE_STRIP = YES;
				ENABLE_NS_ASSERTIONS = NO;
				ENABLE_STRICT_OBJC_MSGSEND = YES;
				GCC_C_LANGUAGE_STANDARD = gnu99;
				GCC_WARN_64_TO_32_BIT_CONVERSION = YES;
				GCC_WARN_ABOUT_RETURN_TYPE = YES_ERROR;
				GCC_WARN_UNDECLARED_SELECTOR = YES;
				GCC_WARN_UNINITIALIZED_AUTOS = YES_AGGRESSIVE;
				GCC_WARN_UNUSED_FUNCTION = YES;
				GCC_WARN_UNUSED_VARIABLE = YES;
				IPHONEOS_DEPLOYMENT_TARGET = 8.1;
				MTL_ENABLE_DEBUG_INFO = NO;
				SDKROOT = iphoneos;
				VALIDATE_PRODUCT = YES;
			};
			name = Release;
		};
		48CCF1601AADE4A500D833A8 /* Debug */ = {
			isa = XCBuildConfiguration;
			buildSettings = {
				ASSETCATALOG_COMPILER_APPICON_NAME = AppIcon;
				CODE_SIGN_IDENTITY = "iPhone Developer";
				INFOPLIST_FILE = Lunch/Info.plist;
				IPHONEOS_DEPLOYMENT_TARGET = 8.1;
				LD_RUNPATH_SEARCH_PATHS = "$(inherited) @executable_path/Frameworks";
				PRODUCT_NAME = "$(TARGET_NAME)";
			};
			name = Debug;
		};
		48CCF1611AADE4A500D833A8 /* Release */ = {
			isa = XCBuildConfiguration;
			buildSettings = {
				ASSETCATALOG_COMPILER_APPICON_NAME = AppIcon;
				CODE_SIGN_IDENTITY = "iPhone Developer";
				INFOPLIST_FILE = Lunch/Info.plist;
				IPHONEOS_DEPLOYMENT_TARGET = 8.1;
				LD_RUNPATH_SEARCH_PATHS = "$(inherited) @executable_path/Frameworks";
				PRODUCT_NAME = "$(TARGET_NAME)";
			};
			name = Release;
		};
		48CCF1631AADE4A500D833A8 /* Debug */ = {
			isa = XCBuildConfiguration;
			buildSettings = {
				BUNDLE_LOADER = "$(TEST_HOST)";
				FRAMEWORK_SEARCH_PATHS = (
					"$(SDKROOT)/Developer/Library/Frameworks",
					"$(inherited)",
				);
				GCC_PREPROCESSOR_DEFINITIONS = (
					"DEBUG=1",
					"$(inherited)",
				);
				INFOPLIST_FILE = LunchTests/Info.plist;
				LD_RUNPATH_SEARCH_PATHS = "$(inherited) @executable_path/Frameworks @loader_path/Frameworks";
				PRODUCT_NAME = "$(TARGET_NAME)";
				TEST_HOST = "$(BUILT_PRODUCTS_DIR)/Lunch.app/Lunch";
			};
			name = Debug;
		};
		48CCF1641AADE4A500D833A8 /* Release */ = {
			isa = XCBuildConfiguration;
			buildSettings = {
				BUNDLE_LOADER = "$(TEST_HOST)";
				FRAMEWORK_SEARCH_PATHS = (
					"$(SDKROOT)/Developer/Library/Frameworks",
					"$(inherited)",
				);
				INFOPLIST_FILE = LunchTests/Info.plist;
				LD_RUNPATH_SEARCH_PATHS = "$(inherited) @executable_path/Frameworks @loader_path/Frameworks";
				PRODUCT_NAME = "$(TARGET_NAME)";
				TEST_HOST = "$(BUILT_PRODUCTS_DIR)/Lunch.app/Lunch";
			};
			name = Release;
		};
/* End XCBuildConfiguration section */

/* Begin XCConfigurationList section */
		48CCF13B1AADE4A500D833A8 /* Build configuration list for PBXProject "Lunch" */ = {
			isa = XCConfigurationList;
			buildConfigurations = (
				48CCF15D1AADE4A500D833A8 /* Debug */,
				48CCF15E1AADE4A500D833A8 /* Release */,
			);
			defaultConfigurationIsVisible = 0;
			defaultConfigurationName = Release;
		};
		48CCF15F1AADE4A500D833A8 /* Build configuration list for PBXNativeTarget "Lunch" */ = {
			isa = XCConfigurationList;
			buildConfigurations = (
				48CCF1601AADE4A500D833A8 /* Debug */,
				48CCF1611AADE4A500D833A8 /* Release */,
			);
			defaultConfigurationIsVisible = 0;
		};
		48CCF1621AADE4A500D833A8 /* Build configuration list for PBXNativeTarget "LunchTests" */ = {
			isa = XCConfigurationList;
			buildConfigurations = (
				48CCF1631AADE4A500D833A8 /* Debug */,
				48CCF1641AADE4A500D833A8 /* Release */,
			);
			defaultConfigurationIsVisible = 0;
		};
/* End XCConfigurationList section */
	};
	rootObject = 48CCF1381AADE4A500D833A8 /* Project object */;
}
